
Microsoft Visual Studio Solution File, Format Version 12.00
# Visual Studio Version 17
VisualStudioVersion = 17.9.34728.123
MinimumVisualStudioVersion = 10.0.40219.1
Project("{9A19103F-16F7-4668-BE54-9A1E7A4F7556}") = "BlogApp", "BlogApp\BlogApp.csproj", "{2E05F594-3CF5-4500-87AB-5437DEB6B848}"
EndProject
Global
	GlobalSection(SolutionConfigurationPlatforms) = preSolution
		Debug|Any CPU = Debug|Any CPU
		Release|Any CPU = Release|Any CPU
	EndGlobalSection
	GlobalSection(ProjectConfigurationPlatforms) = postSolution
		{2E05F594-3CF5-4500-87AB-5437DEB6B848}.Debug|Any CPU.ActiveCfg = Debug|Any CPU
		{2E05F594-3CF5-4500-87AB-5437DEB6B848}.Debug|Any CPU.Build.0 = Debug|Any CPU
		{2E05F594-3CF5-4500-87AB-5437DEB6B848}.Release|Any CPU.ActiveCfg = Release|Any CPU
		{2E05F594-3CF5-4500-87AB-5437DEB6B848}.Release|Any CPU.Build.0 = Release|Any CPU
	EndGlobalSection
	GlobalSection(SolutionProperties) = preSolution
		HideSolutionNode = FALSE
	EndGlobalSection
	GlobalSection(ExtensibilityGlobals) = postSolution
		SolutionGuid = {A6EB2624-BC58-49BA-8555-1F8125B223E0}
	EndGlobalSection
EndGlobal
